<?xml version="1.0" encoding="utf-8"?>
<Project ToolsVersion="4.0" xmlns="http://schemas.microsoft.com/developer/msbuild/2003">
  <ItemGroup>
    <Filter Include="Export">
      <UniqueIdentifier>{2bc57ff5-c123-4941-8313-f4b58b7c181f}</UniqueIdentifier>
    </Filter>
    <Filter Include="Source Files">
      <UniqueIdentifier>{4FC737F1-C7A5-4376-A066-2A32D752A2FF}</UniqueIdentifier>
      <Extensions>cpp;c;cc;cxx;def;odl;idl;hpj;bat;asm;asmx</Extensions>
    </Filter>
    <Filter Include="Header Files">
      <UniqueIdentifier>{93995380-89BD-4b04-88EB-625FBE52EBFB}</UniqueIdentifier>
      <Extensions>h;hh;hpp;hxx;hm;inl;inc;ipp;xsd</Extensions>
    </Filter>
    <Filter Include="Resource Files">
      <UniqueIdentifier>{67DA6AB6-F800-4c08-8B7A-83BB121AAD01}</UniqueIdentifier>
      <Extensions>rc;ico;cur;bmp;dlg;rc2;rct;bin;rgs;gif;jpg;jpeg;jpe;resx;tiff;tif;png;wav;mfcribbon-ms</Extensions>
    </Filter>
  </ItemGroup>
  <ItemGroup>
    <None Include="benchmark.include.props">
      <Filter>Export</Filter>
    </None>
    <None Include="benchmark.import.props">
      <Filter>Export</Filter>
    </None>
  </ItemGroup>
  <ItemGroup>
    <ClInclude Include="..\include\benchmark\benchmark.h">
      <Filter>Header Files</Filter>
    </ClInclude>
    <ClInclude Include="..\src\perf_counters.h">
      <Filter>Source Files</Filter>
    </ClInclude>
    <ClInclude Include="..\src\benchmark_register.h">
      <Filter>Source Files</Filter>
    </ClInclude>
    <ClInclude Include="..\include\benchmark\export.h">
      <Filter>Header Files</Filter>
    </ClInclude>
    <ClInclude Include="..\src\arraysize.h">
      <Filter>Source Files</Filter>
    </ClInclude>
    <ClInclude Include="..\src\benchmark_api_internal.h">
      <Filter>Source Files</Filter>
    </ClInclude>
    <ClInclude Include="..\src\benchmark_runner.h">
      <Filter>Source Files</Filter>
    </ClInclude>
    <ClInclude Include="..\src\check.h">
      <Filter>Source Files</Filter>
    </ClInclude>
    <ClInclude Include="..\src\colorprint.h">
      <Filter>Source Files</Filter>
    </ClInclude>
    <ClInclude Include="..\src\commandlineflags.h">
      <Filter>Source Files</Filter>
    </ClInclude>
    <ClInclude Include="..\src\complexity.h">
      <Filter>Source Files</Filter>
    </ClInclude>
    <ClInclude Include="..\src\counter.h">
      <Filter>Source Files</Filter>
    </ClInclude>
    <ClInclude Include="..\src\cycleclock.h">
      <Filter>Source Files</Filter>
    </ClInclude>
    <ClInclude Include="..\src\internal_macros.h">
      <Filter>Source Files</Filter>
    </ClInclude>
    <ClInclude Include="..\src\log.h">
      <Filter>Source Files</Filter>
    </ClInclude>
    <ClInclude Include="..\src\mutex.h">
      <Filter>Source Files</Filter>
    </ClInclude>
    <ClInclude Include="..\src\re.h">
      <Filter>Source Files</Filter>
    </ClInclude>
    <ClInclude Include="..\src\statistics.h">
      <Filter>Source Files</Filter>
    </ClInclude>
    <ClInclude Include="..\src\string_util.h">
      <Filter>Source Files</Filter>
    </ClInclude>
    <ClInclude Include="..\src\thread_manager.h">
      <Filter>Source Files</Filter>
    </ClInclude>
    <ClInclude Include="..\src\thread_timer.h">
      <Filter>Source Files</Filter>
    </ClInclude>
    <ClInclude Include="..\src\timers.h">
      <Filter>Source Files</Filter>
    </ClInclude>
  </ItemGroup>
  <ItemGroup>
    <ClCompile Include="..\src\benchmark.cc">
      <Filter>Source Files</Filter>
    </ClCompile>
    <ClCompile Include="..\src\benchmark_api_internal.cc">
      <Filter>Source Files</Filter>
    </ClCompile>
    <ClCompile Include="..\src\benchmark_main.cc">
      <Filter>Source Files</Filter>
    </ClCompile>
    <ClCompile Include="..\src\benchmark_name.cc">
      <Filter>Source Files</Filter>
    </ClCompile>
    <ClCompile Include="..\src\benchmark_register.cc">
      <Filter>Source Files</Filter>
    </ClCompile>
    <ClCompile Include="..\src\benchmark_runner.cc">
      <Filter>Source Files</Filter>
    </ClCompile>
    <ClCompile Include="..\src\colorprint.cc">
      <Filter>Source Files</Filter>
    </ClCompile>
    <ClCompile Include="..\src\commandlineflags.cc">
      <Filter>Source Files</Filter>
    </ClCompile>
    <ClCompile Include="..\src\complexity.cc">
      <Filter>Source Files</Filter>
    </ClCompile>
    <ClCompile Include="..\src\console_reporter.cc">
      <Filter>Source Files</Filter>
    </ClCompile>
    <ClCompile Include="..\src\counter.cc">
      <Filter>Source Files</Filter>
    </ClCompile>
    <ClCompile Include="..\src\csv_reporter.cc">
      <Filter>Source Files</Filter>
    </ClCompile>
    <ClCompile Include="..\src\json_reporter.cc">
      <Filter>Source Files</Filter>
    </ClCompile>
    <ClCompile Include="..\src\reporter.cc">
      <Filter>Source Files</Filter>
    </ClCompile>
    <ClCompile Include="..\src\statistics.cc">
      <Filter>Source Files</Filter>
    </ClCompile>
    <ClCompile Include="..\src\string_util.cc">
      <Filter>Source Files</Filter>
    </ClCompile>
    <ClCompile Include="..\src\sysinfo.cc">
      <Filter>Source Files</Filter>
    </ClCompile>
    <ClCompile Include="..\src\timers.cc">
      <Filter>Source Files</Filter>
    </ClCompile>
    <ClCompile Include="..\src\check.cc">
      <Filter>Source Files</Filter>
    </ClCompile>
    <ClCompile Include="..\src\perf_counters.cc">
      <Filter>Source Files</Filter>
    </ClCompile>
  </ItemGroup>
</Project>