
Microsoft Visual Studio Solution File, Format Version 12.00
# Visual Studio Version 17
VisualStudioVersion = 17.0.31423.177
MinimumVisualStudioVersion = 10.0.40219.1
Project("{8BC9CEB8-8B4A-11D0-8D11-00A0C91BC942}") = "benchmark", "benchmark\benchmark.vcxproj", "{2B8A8DAF-B3E6-401B-89F7-3F7C3FD4B76F}"
EndProject
Global
	GlobalSection(SolutionConfigurationPlatforms) = preSolution
		Debug|x64 = Debug|x64
		Release|x64 = Release|x64
		WSL_Debug|x64 = WSL_Debug|x64
		WSL_Release|x64 = WSL_Release|x64
	EndGlobalSection
	GlobalSection(ProjectConfigurationPlatforms) = postSolution
		{2B8A8DAF-B3E6-401B-89F7-3F7C3FD4B76F}.Debug|x64.ActiveCfg = Debug|x64
		{2B8A8DAF-B3E6-401B-89F7-3F7C3FD4B76F}.Debug|x64.Build.0 = Debug|x64
		{2B8A8DAF-B3E6-401B-89F7-3F7C3FD4B76F}.Release|x64.ActiveCfg = Release|x64
		{2B8A8DAF-B3E6-401B-89F7-3F7C3FD4B76F}.Release|x64.Build.0 = Release|x64
		{2B8A8DAF-B3E6-401B-89F7-3F7C3FD4B76F}.WSL_Debug|x64.ActiveCfg = WSL_Debug|x64
		{2B8A8DAF-B3E6-401B-89F7-3F7C3FD4B76F}.WSL_Debug|x64.Build.0 = WSL_Debug|x64
		{2B8A8DAF-B3E6-401B-89F7-3F7C3FD4B76F}.WSL_Release|x64.ActiveCfg = WSL_Release|x64
		{2B8A8DAF-B3E6-401B-89F7-3F7C3FD4B76F}.WSL_Release|x64.Build.0 = WSL_Release|x64
	EndGlobalSection
	GlobalSection(SolutionProperties) = preSolution
		HideSolutionNode = FALSE
	EndGlobalSection
	GlobalSection(ExtensibilityGlobals) = postSolution
		SolutionGuid = {2B93CEE2-B48A-4022-B764-4F1EC51119C1}
	EndGlobalSection
EndGlobal
