<?xml version="1.0" encoding="utf-8"?>
<Project ToolsVersion="4.0" xmlns="http://schemas.microsoft.com/developer/msbuild/2003">
  <ItemGroup>
    <Filter Include="Source Files">
      <UniqueIdentifier>{4FC737F1-C7A5-4376-A066-2A32D752A2FF}</UniqueIdentifier>
      <Extensions>cpp;c;cc;cxx;def;odl;idl;hpj;bat;asm;asmx</Extensions>
    </Filter>
    <Filter Include="Header Files">
      <UniqueIdentifier>{93995380-89BD-4b04-88EB-625FBE52EBFB}</UniqueIdentifier>
      <Extensions>h;hh;hpp;hxx;hm;inl;inc;xsd</Extensions>
    </Filter>
    <Filter Include="Resource Files">
      <UniqueIdentifier>{67DA6AB6-F800-4c08-8B7A-83BB121AAD01}</UniqueIdentifier>
      <Extensions>rc;ico;cur;bmp;dlg;rc2;rct;bin;rgs;gif;jpg;jpeg;jpe;resx;tiff;tif;png;wav</Extensions>
    </Filter>
  </ItemGroup>
  <ItemGroup>
    <ClInclude Include="..\src\colorprint.h">
      <Filter>Header Files</Filter>
    </ClInclude>
    <ClInclude Include="..\src\commandlineflags.h">
      <Filter>Header Files</Filter>
    </ClInclude>
    <ClInclude Include="..\src\cycleclock.h">
      <Filter>Header Files</Filter>
    </ClInclude>
    <ClInclude Include="..\src\mutex_lock.h">
      <Filter>Header Files</Filter>
    </ClInclude>
    <ClInclude Include="..\src\re.h">
      <Filter>Header Files</Filter>
    </ClInclude>
    <ClInclude Include="..\src\sleep.h">
      <Filter>Header Files</Filter>
    </ClInclude>
    <ClInclude Include="..\src\stat.h">
      <Filter>Header Files</Filter>
    </ClInclude>
    <ClInclude Include="..\src\sysinfo.h">
      <Filter>Header Files</Filter>
    </ClInclude>
    <ClInclude Include="..\src\walltime.h">
      <Filter>Header Files</Filter>
    </ClInclude>
    <ClInclude Include="..\src\windows\pthread.h">
      <Filter>Header Files</Filter>
    </ClInclude>
    <ClInclude Include="..\src\port.h">
      <Filter>Header Files</Filter>
    </ClInclude>
    <ClInclude Include="..\include\benchmark\benchmark.h">
      <Filter>Header Files</Filter>
    </ClInclude>
    <ClInclude Include="..\include\benchmark\macros.h">
      <Filter>Header Files</Filter>
    </ClInclude>
  </ItemGroup>
  <ItemGroup>
    <ClCompile Include="..\src\benchmark.cc">
      <Filter>Source Files</Filter>
    </ClCompile>
    <ClCompile Include="..\src\colorprint.cc">
      <Filter>Source Files</Filter>
    </ClCompile>
    <ClCompile Include="..\src\commandlineflags.cc">
      <Filter>Source Files</Filter>
    </ClCompile>
    <ClCompile Include="..\src\re.cc">
      <Filter>Source Files</Filter>
    </ClCompile>
    <ClCompile Include="..\src\sleep.cc">
      <Filter>Source Files</Filter>
    </ClCompile>
    <ClCompile Include="..\src\sysinfo.cc">
      <Filter>Source Files</Filter>
    </ClCompile>
    <ClCompile Include="..\src\walltime.cc">
      <Filter>Source Files</Filter>
    </ClCompile>
    <ClCompile Include="..\src\windows\pthread.cc">
      <Filter>Source Files</Filter>
    </ClCompile>
    <ClCompile Include="..\src\port.cc">
      <Filter>Source Files</Filter>
    </ClCompile>
  </ItemGroup>
</Project>