
Microsoft Visual Studio Solution File, Format Version 12.00
# Visual Studio 2013
VisualStudioVersion = 12.0.30110.0
MinimumVisualStudioVersion = 10.0.40219.1
Project("{8BC9CEB8-8B4A-11D0-8D11-00A0C91BC942}") = "google-benchmark", "google-benchmark.vcxproj", "{EF4DE73E-EE11-4128-93EB-60B07E650EF2}"
EndProject
Project("{8BC9CEB8-8B4A-11D0-8D11-00A0C91BC942}") = "google-benchmark-test", "google-benchmark-test.vcxproj", "{ABB7BEF8-2C48-4967-A703-7B6FB9AB831F}"
EndProject
Global
	GlobalSection(SolutionConfigurationPlatforms) = preSolution
		Debug|Win32 = Debug|Win32
		Release|Win32 = Release|Win32
	EndGlobalSection
	GlobalSection(ProjectConfigurationPlatforms) = postSolution
		{EF4DE73E-EE11-4128-93EB-60B07E650EF2}.Debug|Win32.ActiveCfg = Debug|Win32
		{EF4DE73E-EE11-4128-93EB-60B07E650EF2}.Debug|Win32.Build.0 = Debug|Win32
		{EF4DE73E-EE11-4128-93EB-60B07E650EF2}.Release|Win32.ActiveCfg = Release|Win32
		{EF4DE73E-EE11-4128-93EB-60B07E650EF2}.Release|Win32.Build.0 = Release|Win32
		{ABB7BEF8-2C48-4967-A703-7B6FB9AB831F}.Debug|Win32.ActiveCfg = Debug|Win32
		{ABB7BEF8-2C48-4967-A703-7B6FB9AB831F}.Debug|Win32.Build.0 = Debug|Win32
		{ABB7BEF8-2C48-4967-A703-7B6FB9AB831F}.Release|Win32.ActiveCfg = Release|Win32
		{ABB7BEF8-2C48-4967-A703-7B6FB9AB831F}.Release|Win32.Build.0 = Release|Win32
	EndGlobalSection
	GlobalSection(SolutionProperties) = preSolution
		HideSolutionNode = FALSE
	EndGlobalSection
EndGlobal
